
Microsoft Visual Studio Solution File, Format Version 12.00
# Visual Studio Version 16
VisualStudioVersion = 16.0.29509.3
MinimumVisualStudioVersion = 10.0.40219.1
Project("{FAE04EC0-301F-11D3-BF4B-00C04F79EFBC}") = "ConvertLaTeXToSVG", "ConvertLaTeXToSVG.csproj", "{9DE2E48B-B0C8-49B0-8BB9-E4258E2C19C3}"
EndProject
Global
	GlobalSection(SolutionConfigurationPlatforms) = preSolution
		Debug|Any CPU = Debug|Any CPU
		Release|Any CPU = Release|Any CPU
	EndGlobalSection
	GlobalSection(ProjectConfigurationPlatforms) = postSolution
		{9DE2E48B-B0C8-49B0-8BB9-E4258E2C19C3}.Debug|Any CPU.ActiveCfg = Debug|Any CPU
		{9DE2E48B-B0C8-49B0-8BB9-E4258E2C19C3}.Debug|Any CPU.Build.0 = Debug|Any CPU
		{9DE2E48B-B0C8-49B0-8BB9-E4258E2C19C3}.Release|Any CPU.ActiveCfg = Release|Any CPU
		{9DE2E48B-B0C8-49B0-8BB9-E4258E2C19C3}.Release|Any CPU.Build.0 = Release|Any CPU
	EndGlobalSection
	GlobalSection(SolutionProperties) = preSolution
		HideSolutionNode = FALSE
	EndGlobalSection
	GlobalSection(ExtensibilityGlobals) = postSolution
		SolutionGuid = {ED3FBA53-B09C-421A-9802-7E5BA9E3CFAB}
	EndGlobalSection
EndGlobal
